
Microsoft Visual Studio Solution File, Format Version 12.00
# Visual Studio Version 17
VisualStudioVersion = 17.7.34031.279
MinimumVisualStudioVersion = 10.0.40219.1
Project("{9A19103F-16F7-4668-BE54-9A1E7A4F7556}") = "CAPA DATOS - VISOR AEROPUERTOS", "CAPA DATOS - VISOR AEROPUERTOS\CAPA DATOS - VISOR AEROPUERTOS.csproj", "{EC797BE3-096F-414A-A206-B2870255CE13}"
EndProject
Project("{9A19103F-16F7-4668-BE54-9A1E7A4F7556}") = "CAPA ENTIDADES - VISOR AEROPUERTOS", "CAPA ENTIDADES - VISOR AEROPUERTOS\CAPA ENTIDADES - VISOR AEROPUERTOS.csproj", "{1BD998F2-19C2-4F41-94F5-B45F2186511C}"
EndProject
Project("{9A19103F-16F7-4668-BE54-9A1E7A4F7556}") = "CAPA LOGICA  - VISOR AEROPUERTOS", "CAPA LOGICA  - VISOR AEROPUERTOS\CAPA LOGICA  - VISOR AEROPUERTOS.csproj", "{C0BCEBD2-A455-42EF-9D24-3AC9B56E90BA}"
EndProject
Project("{9A19103F-16F7-4668-BE54-9A1E7A4F7556}") = "CAPA PRESENTACION - VISOR AEROPUERTOS", "CAPA PRESENTACION - VISOR AEROPUERTOS\CAPA PRESENTACION - VISOR AEROPUERTOS.csproj", "{D413DDAD-6B14-46D2-868E-7FA9D2693549}"
EndProject
Global
	GlobalSection(SolutionConfigurationPlatforms) = preSolution
		Debug|Any CPU = Debug|Any CPU
		Release|Any CPU = Release|Any CPU
	EndGlobalSection
	GlobalSection(ProjectConfigurationPlatforms) = postSolution
		{EC797BE3-096F-414A-A206-B2870255CE13}.Debug|Any CPU.ActiveCfg = Debug|Any CPU
		{EC797BE3-096F-414A-A206-B2870255CE13}.Debug|Any CPU.Build.0 = Debug|Any CPU
		{EC797BE3-096F-414A-A206-B2870255CE13}.Release|Any CPU.ActiveCfg = Release|Any CPU
		{EC797BE3-096F-414A-A206-B2870255CE13}.Release|Any CPU.Build.0 = Release|Any CPU
		{1BD998F2-19C2-4F41-94F5-B45F2186511C}.Debug|Any CPU.ActiveCfg = Debug|Any CPU
		{1BD998F2-19C2-4F41-94F5-B45F2186511C}.Debug|Any CPU.Build.0 = Debug|Any CPU
		{1BD998F2-19C2-4F41-94F5-B45F2186511C}.Release|Any CPU.ActiveCfg = Release|Any CPU
		{1BD998F2-19C2-4F41-94F5-B45F2186511C}.Release|Any CPU.Build.0 = Release|Any CPU
		{C0BCEBD2-A455-42EF-9D24-3AC9B56E90BA}.Debug|Any CPU.ActiveCfg = Debug|Any CPU
		{C0BCEBD2-A455-42EF-9D24-3AC9B56E90BA}.Debug|Any CPU.Build.0 = Debug|Any CPU
		{C0BCEBD2-A455-42EF-9D24-3AC9B56E90BA}.Release|Any CPU.ActiveCfg = Release|Any CPU
		{C0BCEBD2-A455-42EF-9D24-3AC9B56E90BA}.Release|Any CPU.Build.0 = Release|Any CPU
		{D413DDAD-6B14-46D2-868E-7FA9D2693549}.Debug|Any CPU.ActiveCfg = Debug|Any CPU
		{D413DDAD-6B14-46D2-868E-7FA9D2693549}.Debug|Any CPU.Build.0 = Debug|Any CPU
		{D413DDAD-6B14-46D2-868E-7FA9D2693549}.Release|Any CPU.ActiveCfg = Release|Any CPU
		{D413DDAD-6B14-46D2-868E-7FA9D2693549}.Release|Any CPU.Build.0 = Release|Any CPU
	EndGlobalSection
	GlobalSection(SolutionProperties) = preSolution
		HideSolutionNode = FALSE
	EndGlobalSection
	GlobalSection(ExtensibilityGlobals) = postSolution
		SolutionGuid = {0D17BDE0-8F1A-4C30-85F7-AB372BE5A46B}
	EndGlobalSection
EndGlobal
